{
  "object": {
    "pins": [
      {
        "package": "HealthKitToFhir",
        "repositoryURL": "git@github.com:microsoft/healthkit-to-fhir.git",
        "state": {
          "branch": null,
          "revision": "059f8f8ed3449231b2134ba2de484be91e4a2014",
          "version": "1.0.1"
        }
      },
      {
        "package": "FHIR",
        "repositoryURL": "https://github.com/smart-on-fhir/Swift-FHIR",
        "state": {
          "branch": null,
          "revision": "b68fb5d6c8137de4a06894e683dc1a726a832907",
          "version": "4.2.1"
        }
      }
    ]
  },
  "version": 1
}
